// !$*UTF8*$!
{
	archiveVersion = 1;
	classes = {
	};
	objectVersion = 56;
	objects = {

/* Begin PBXBuildFile section */
		4004060B296E953D00809E95 /* UsersViewModel.swift in Sources */ = {isa = PBXBuildFile; fileRef = 4004060A296E953D00809E95 /* UsersViewModel.swift */; };
		4004060D296E9E9400809E95 /* UserView.swift in Sources */ = {isa = PBXBuildFile; fileRef = 4004060C296E9E9400809E95 /* UserView.swift */; };
		4004060F296EC1B400809E95 /* ToDoListView.swift in Sources */ = {isa = PBXBuildFile; fileRef = 4004060E296EC1B400809E95 /* ToDoListView.swift */; };
		40040615296EE03100809E95 /* TabModel.swift in Sources */ = {isa = PBXBuildFile; fileRef = 40040614296EE03100809E95 /* TabModel.swift */; };
		40040617296EE04500809E95 /* ToDoModel.swift in Sources */ = {isa = PBXBuildFile; fileRef = 40040616296EE04500809E95 /* ToDoModel.swift */; };
		40172733296E909C00FFE98E /* apiCallerSwiftUiApp.swift in Sources */ = {isa = PBXBuildFile; fileRef = 40172732296E909C00FFE98E /* apiCallerSwiftUiApp.swift */; };
		40172735296E909C00FFE98E /* ContentView.swift in Sources */ = {isa = PBXBuildFile; fileRef = 40172734296E909C00FFE98E /* ContentView.swift */; };
		40172737296E90A400FFE98E /* Assets.xcassets in Resources */ = {isa = PBXBuildFile; fileRef = 40172736296E90A400FFE98E /* Assets.xcassets */; };
		4017273A296E90A400FFE98E /* Preview Assets.xcassets in Resources */ = {isa = PBXBuildFile; fileRef = 40172739296E90A400FFE98E /* Preview Assets.xcassets */; };
		40172741296E921E00FFE98E /* UserModel.swift in Sources */ = {isa = PBXBuildFile; fileRef = 40172740296E921E00FFE98E /* UserModel.swift */; };
/* End PBXBuildFile section */

/* Begin PBXFileReference section */
		4004060A296E953D00809E95 /* UsersViewModel.swift */ = {isa = PBXFileReference; lastKnownFileType = sourcecode.swift; path = UsersViewModel.swift; sourceTree = "<group>"; };
		4004060C296E9E9400809E95 /* UserView.swift */ = {isa = PBXFileReference; lastKnownFileType = sourcecode.swift; path = UserView.swift; sourceTree = "<group>"; };
		4004060E296EC1B400809E95 /* ToDoListView.swift */ = {isa = PBXFileReference; lastKnownFileType = sourcecode.swift; path = ToDoListView.swift; sourceTree = "<group>"; };
		40040614296EE03100809E95 /* TabModel.swift */ = {isa = PBXFileReference; lastKnownFileType = sourcecode.swift; path = TabModel.swift; sourceTree = "<group>"; };
		40040616296EE04500809E95 /* ToDoModel.swift */ = {isa = PBXFileReference; lastKnownFileType = sourcecode.swift; path = ToDoModel.swift; sourceTree = "<group>"; };
		4017272F296E909C00FFE98E /* apiCallerSwiftUi.app */ = {isa = PBXFileReference; explicitFileType = wrapper.application; includeInIndex = 0; path = apiCallerSwiftUi.app; sourceTree = BUILT_PRODUCTS_DIR; };
		40172732296E909C00FFE98E /* apiCallerSwiftUiApp.swift */ = {isa = PBXFileReference; lastKnownFileType = sourcecode.swift; path = apiCallerSwiftUiApp.swift; sourceTree = "<group>"; };
		40172734296E909C00FFE98E /* ContentView.swift */ = {isa = PBXFileReference; lastKnownFileType = sourcecode.swift; path = ContentView.swift; sourceTree = "<group>"; };
		40172736296E90A400FFE98E /* Assets.xcassets */ = {isa = PBXFileReference; lastKnownFileType = folder.assetcatalog; path = Assets.xcassets; sourceTree = "<group>"; };
		40172739296E90A400FFE98E /* Preview Assets.xcassets */ = {isa = PBXFileReference; lastKnownFileType = folder.assetcatalog; path = "Preview Assets.xcassets"; sourceTree = "<group>"; };
		40172740296E921E00FFE98E /* UserModel.swift */ = {isa = PBXFileReference; lastKnownFileType = sourcecode.swift; path = UserModel.swift; sourceTree = "<group>"; };
/* End PBXFileReference section */

/* Begin PBXFrameworksBuildPhase section */
		4017272C296E909C00FFE98E /* Frameworks */ = {
			isa = PBXFrameworksBuildPhase;
			buildActionMask = 2147483647;
			files = (
			);
			runOnlyForDeploymentPostprocessing = 0;
		};
/* End PBXFrameworksBuildPhase section */

/* Begin PBXGroup section */
		40040610296EDFD100809E95 /* ViewModels */ = {
			isa = PBXGroup;
			children = (
				4004060A296E953D00809E95 /* UsersViewModel.swift */,
			);
			path = ViewModels;
			sourceTree = "<group>";
		};
		40040611296EDFDE00809E95 /* Utilities */ = {
			isa = PBXGroup;
			children = (
				40172732296E909C00FFE98E /* apiCallerSwiftUiApp.swift */,
				40172736296E90A400FFE98E /* Assets.xcassets */,
			);
			path = Utilities;
			sourceTree = "<group>";
		};
		40040612296EDFEB00809E95 /* Views */ = {
			isa = PBXGroup;
			children = (
				40172734296E909C00FFE98E /* ContentView.swift */,
				4004060C296E9E9400809E95 /* UserView.swift */,
				4004060E296EC1B400809E95 /* ToDoListView.swift */,
			);
			path = Views;
			sourceTree = "<group>";
		};
		40040613296EE00400809E95 /* Models */ = {
			isa = PBXGroup;
			children = (
				40172740296E921E00FFE98E /* UserModel.swift */,
				40040614296EE03100809E95 /* TabModel.swift */,
				40040616296EE04500809E95 /* ToDoModel.swift */,
			);
			path = Models;
			sourceTree = "<group>";
		};
		40172726296E909C00FFE98E = {
			isa = PBXGroup;
			children = (
				40172731296E909C00FFE98E /* apiCallerSwiftUi */,
				40172730296E909C00FFE98E /* Products */,
			);
			sourceTree = "<group>";
		};
		40172730296E909C00FFE98E /* Products */ = {
			isa = PBXGroup;
			children = (
				4017272F296E909C00FFE98E /* apiCallerSwiftUi.app */,
			);
			name = Products;
			sourceTree = "<group>";
		};
		40172731296E909C00FFE98E /* apiCallerSwiftUi */ = {
			isa = PBXGroup;
			children = (
				40040613296EE00400809E95 /* Models */,
				40040612296EDFEB00809E95 /* Views */,
				40040610296EDFD100809E95 /* ViewModels */,
				40040611296EDFDE00809E95 /* Utilities */,
				40172738296E90A400FFE98E /* Preview Content */,
			);
			path = apiCallerSwiftUi;
			sourceTree = "<group>";
		};
		40172738296E90A400FFE98E /* Preview Content */ = {
			isa = PBXGroup;
			children = (
				40172739296E90A400FFE98E /* Preview Assets.xcassets */,
			);
			path = "Preview Content";
			sourceTree = "<group>";
		};
/* End PBXGroup section */

/* Begin PBXNativeTarget section */
		4017272E296E909C00FFE98E /* apiCallerSwiftUi */ = {
			isa = PBXNativeTarget;
			buildConfigurationList = 4017273D296E90A400FFE98E /* Build configuration list for PBXNativeTarget "apiCallerSwiftUi" */;
			buildPhases = (
				4017272B296E909C00FFE98E /* Sources */,
				4017272C296E909C00FFE98E /* Frameworks */,
				4017272D296E909C00FFE98E /* Resources */,
			);
			buildRules = (
			);
			dependencies = (
			);
			name = apiCallerSwiftUi;
			productName = apiCallerSwiftUi;
			productReference = 4017272F296E909C00FFE98E /* apiCallerSwiftUi.app */;
			productType = "com.apple.product-type.application";
		};
/* End PBXNativeTarget section */

/* Begin PBXProject section */
		40172727296E909C00FFE98E /* Project object */ = {
			isa = PBXProject;
			attributes = {
				BuildIndependentTargetsInParallel = 1;
				LastSwiftUpdateCheck = 1420;
				LastUpgradeCheck = 1420;
				TargetAttributes = {
					4017272E296E909C00FFE98E = {
						CreatedOnToolsVersion = 14.2;
					};
				};
			};
			buildConfigurationList = 4017272A296E909C00FFE98E /* Build configuration list for PBXProject "apiCallerSwiftUi" */;
			compatibilityVersion = "Xcode 14.0";
			developmentRegion = en;
			hasScannedForEncodings = 0;
			knownRegions = (
				en,
				Base,
			);
			mainGroup = 40172726296E909C00FFE98E;
			productRefGroup = 40172730296E909C00FFE98E /* Products */;
			projectDirPath = "";
			projectRoot = "";
			targets = (
				4017272E296E909C00FFE98E /* apiCallerSwiftUi */,
			);
		};
/* End PBXProject section */

/* Begin PBXResourcesBuildPhase section */
		4017272D296E909C00FFE98E /* Resources */ = {
			isa = PBXResourcesBuildPhase;
			buildActionMask = 2147483647;
			files = (
				4017273A296E90A400FFE98E /* Preview Assets.xcassets in Resources */,
				40172737296E90A400FFE98E /* Assets.xcassets in Resources */,
			);
			runOnlyForDeploymentPostprocessing = 0;
		};
/* End PBXResourcesBuildPhase section */

/* Begin PBXSourcesBuildPhase section */
		4017272B296E909C00FFE98E /* Sources */ = {
			isa = PBXSourcesBuildPhase;
			buildActionMask = 2147483647;
			files = (
				4004060F296EC1B400809E95 /* ToDoListView.swift in Sources */,
				40040617296EE04500809E95 /* ToDoModel.swift in Sources */,
				40172735296E909C00FFE98E /* ContentView.swift in Sources */,
				4004060B296E953D00809E95 /* UsersViewModel.swift in Sources */,
				4004060D296E9E9400809E95 /* UserView.swift in Sources */,
				40172741296E921E00FFE98E /* UserModel.swift in Sources */,
				40172733296E909C00FFE98E /* apiCallerSwiftUiApp.swift in Sources */,
				40040615296EE03100809E95 /* TabModel.swift in Sources */,
			);
			runOnlyForDeploymentPostprocessing = 0;
		};
/* End PBXSourcesBuildPhase section */

/* Begin XCBuildConfiguration section */
		4017273B296E90A400FFE98E /* Debug */ = {
			isa = XCBuildConfiguration;
			buildSettings = {
				ALWAYS_SEARCH_USER_PATHS = NO;
				CLANG_ANALYZER_NONNULL = YES;
				CLANG_ANALYZER_NUMBER_OBJECT_CONVERSION = YES_AGGRESSIVE;
				CLANG_CXX_LANGUAGE_STANDARD = "gnu++20";
				CLANG_ENABLE_MODULES = YES;
				CLANG_ENABLE_OBJC_ARC = YES;
				CLANG_ENABLE_OBJC_WEAK = YES;
				CLANG_WARN_BLOCK_CAPTURE_AUTORELEASING = YES;
				CLANG_WARN_BOOL_CONVERSION = YES;
				CLANG_WARN_COMMA = YES;
				CLANG_WARN_CONSTANT_CONVERSION = YES;
				CLANG_WARN_DEPRECATED_OBJC_IMPLEMENTATIONS = YES;
				CLANG_WARN_DIRECT_OBJC_ISA_USAGE = YES_ERROR;
				CLANG_WARN_DOCUMENTATION_COMMENTS = YES;
				CLANG_WARN_EMPTY_BODY = YES;
				CLANG_WARN_ENUM_CONVERSION = YES;
				CLANG_WARN_INFINITE_RECURSION = YES;
				CLANG_WARN_INT_CONVERSION = YES;
				CLANG_WARN_NON_LITERAL_NULL_CONVERSION = YES;
				CLANG_WARN_OBJC_IMPLICIT_RETAIN_SELF = YES;
				CLANG_WARN_OBJC_LITERAL_CONVERSION = YES;
				CLANG_WARN_OBJC_ROOT_CLASS = YES_ERROR;
				CLANG_WARN_QUOTED_INCLUDE_IN_FRAMEWORK_HEADER = YES;
				CLANG_WARN_RANGE_LOOP_ANALYSIS = YES;
				CLANG_WARN_STRICT_PROTOTYPES = YES;
				CLANG_WARN_SUSPICIOUS_MOVE = YES;
				CLANG_WARN_UNGUARDED_AVAILABILITY = YES_AGGRESSIVE;
				CLANG_WARN_UNREACHABLE_CODE = YES;
				CLANG_WARN__DUPLICATE_METHOD_MATCH = YES;
				COPY_PHASE_STRIP = NO;
				DEBUG_INFORMATION_FORMAT = dwarf;
				ENABLE_STRICT_OBJC_MSGSEND = YES;
				ENABLE_TESTABILITY = YES;
				GCC_C_LANGUAGE_STANDARD = gnu11;
				GCC_DYNAMIC_NO_PIC = NO;
				GCC_NO_COMMON_BLOCKS = YES;
				GCC_OPTIMIZATION_LEVEL = 0;
				GCC_PREPROCESSOR_DEFINITIONS = (
					"DEBUG=1",
					"$(inherited)",
				);
				GCC_WARN_64_TO_32_BIT_CONVERSION = YES;
				GCC_WARN_ABOUT_RETURN_TYPE = YES_ERROR;
				GCC_WARN_UNDECLARED_SELECTOR = YES;
				GCC_WARN_UNINITIALIZED_AUTOS = YES_AGGRESSIVE;
				GCC_WARN_UNUSED_FUNCTION = YES;
				GCC_WARN_UNUSED_VARIABLE = YES;
				IPHONEOS_DEPLOYMENT_TARGET = 16.2;
				MTL_ENABLE_DEBUG_INFO = INCLUDE_SOURCE;
				MTL_FAST_MATH = YES;
				ONLY_ACTIVE_ARCH = YES;
				SDKROOT = iphoneos;
				SWIFT_ACTIVE_COMPILATION_CONDITIONS = DEBUG;
				SWIFT_OPTIMIZATION_LEVEL = "-Onone";
			};
			name = Debug;
		};
		4017273C296E90A400FFE98E /* Release */ = {
			isa = XCBuildConfiguration;
			buildSettings = {
				ALWAYS_SEARCH_USER_PATHS = NO;
				CLANG_ANALYZER_NONNULL = YES;
				CLANG_ANALYZER_NUMBER_OBJECT_CONVERSION = YES_AGGRESSIVE;
				CLANG_CXX_LANGUAGE_STANDARD = "gnu++20";
				CLANG_ENABLE_MODULES = YES;
				CLANG_ENABLE_OBJC_ARC = YES;
				CLANG_ENABLE_OBJC_WEAK = YES;
				CLANG_WARN_BLOCK_CAPTURE_AUTORELEASING = YES;
				CLANG_WARN_BOOL_CONVERSION = YES;
				CLANG_WARN_COMMA = YES;
				CLANG_WARN_CONSTANT_CONVERSION = YES;
				CLANG_WARN_DEPRECATED_OBJC_IMPLEMENTATIONS = YES;
				CLANG_WARN_DIRECT_OBJC_ISA_USAGE = YES_ERROR;
				CLANG_WARN_DOCUMENTATION_COMMENTS = YES;
				CLANG_WARN_EMPTY_BODY = YES;
				CLANG_WARN_ENUM_CONVERSION = YES;
				CLANG_WARN_INFINITE_RECURSION = YES;
				CLANG_WARN_INT_CONVERSION = YES;
				CLANG_WARN_NON_LITERAL_NULL_CONVERSION = YES;
				CLANG_WARN_OBJC_IMPLICIT_RETAIN_SELF = YES;
				CLANG_WARN_OBJC_LITERAL_CONVERSION = YES;
				CLANG_WARN_OBJC_ROOT_CLASS = YES_ERROR;
				CLANG_WARN_QUOTED_INCLUDE_IN_FRAMEWORK_HEADER = YES;
				CLANG_WARN_RANGE_LOOP_ANALYSIS = YES;
				CLANG_WARN_STRICT_PROTOTYPES = YES;
				CLANG_WARN_SUSPICIOUS_MOVE = YES;
				CLANG_WARN_UNGUARDED_AVAILABILITY = YES_AGGRESSIVE;
				CLANG_WARN_UNREACHABLE_CODE = YES;
				CLANG_WARN__DUPLICATE_METHOD_MATCH = YES;
				COPY_PHASE_STRIP = NO;
				DEBUG_INFORMATION_FORMAT = "dwarf-with-dsym";
				ENABLE_NS_ASSERTIONS = NO;
				ENABLE_STRICT_OBJC_MSGSEND = YES;
				GCC_C_LANGUAGE_STANDARD = gnu11;
				GCC_NO_COMMON_BLOCKS = YES;
				GCC_WARN_64_TO_32_BIT_CONVERSION = YES;
				GCC_WARN_ABOUT_RETURN_TYPE = YES_ERROR;
				GCC_WARN_UNDECLARED_SELECTOR = YES;
				GCC_WARN_UNINITIALIZED_AUTOS = YES_AGGRESSIVE;
				GCC_WARN_UNUSED_FUNCTION = YES;
				GCC_WARN_UNUSED_VARIABLE = YES;
				IPHONEOS_DEPLOYMENT_TARGET = 16.2;
				MTL_ENABLE_DEBUG_INFO = NO;
				MTL_FAST_MATH = YES;
				SDKROOT = iphoneos;
				SWIFT_COMPILATION_MODE = wholemodule;
				SWIFT_OPTIMIZATION_LEVEL = "-O";
				VALIDATE_PRODUCT = YES;
			};
			name = Release;
		};
		4017273E296E90A400FFE98E /* Debug */ = {
			isa = XCBuildConfiguration;
			buildSettings = {
				ASSETCATALOG_COMPILER_APPICON_NAME = AppIcon;
				ASSETCATALOG_COMPILER_GLOBAL_ACCENT_COLOR_NAME = AccentColor;
				CODE_SIGN_STYLE = Automatic;
				CURRENT_PROJECT_VERSION = 1;
				DEVELOPMENT_ASSET_PATHS = "\"apiCallerSwiftUi/Preview Content\"";
				DEVELOPMENT_TEAM = WXA74GV5H2;
				ENABLE_PREVIEWS = YES;
				GENERATE_INFOPLIST_FILE = YES;
				INFOPLIST_KEY_UIApplicationSceneManifest_Generation = YES;
				INFOPLIST_KEY_UIApplicationSupportsIndirectInputEvents = YES;
				INFOPLIST_KEY_UILaunchScreen_Generation = YES;
				INFOPLIST_KEY_UISupportedInterfaceOrientations_iPad = "UIInterfaceOrientationPortrait UIInterfaceOrientationPortraitUpsideDown UIInterfaceOrientationLandscapeLeft UIInterfaceOrientationLandscapeRight";
				INFOPLIST_KEY_UISupportedInterfaceOrientations_iPhone = "UIInterfaceOrientationPortrait UIInterfaceOrientationLandscapeLeft UIInterfaceOrientationLandscapeRight";
				LD_RUNPATH_SEARCH_PATHS = (
					"$(inherited)",
					"@executable_path/Frameworks",
				);
				MARKETING_VERSION = 1.0;
				PRODUCT_BUNDLE_IDENTIFIER = "Aarish-Khanna.apiCallerSwiftUi";
				PRODUCT_NAME = "$(TARGET_NAME)";
				SWIFT_EMIT_LOC_STRINGS = YES;
				SWIFT_VERSION = 5.0;
				TARGETED_DEVICE_FAMILY = "1,2";
			};
			name = Debug;
		};
		4017273F296E90A400FFE98E /* Release */ = {
			isa = XCBuildConfiguration;
			buildSettings = {
				ASSETCATALOG_COMPILER_APPICON_NAME = AppIcon;
				ASSETCATALOG_COMPILER_GLOBAL_ACCENT_COLOR_NAME = AccentColor;
				CODE_SIGN_STYLE = Automatic;
				CURRENT_PROJECT_VERSION = 1;
				DEVELOPMENT_ASSET_PATHS = "\"apiCallerSwiftUi/Preview Content\"";
				DEVELOPMENT_TEAM = WXA74GV5H2;
				ENABLE_PREVIEWS = YES;
				GENERATE_INFOPLIST_FILE = YES;
				INFOPLIST_KEY_UIApplicationSceneManifest_Generation = YES;
				INFOPLIST_KEY_UIApplicationSupportsIndirectInputEvents = YES;
				INFOPLIST_KEY_UILaunchScreen_Generation = YES;
				INFOPLIST_KEY_UISupportedInterfaceOrientations_iPad = "UIInterfaceOrientationPortrait UIInterfaceOrientationPortraitUpsideDown UIInterfaceOrientationLandscapeLeft UIInterfaceOrientationLandscapeRight";
				INFOPLIST_KEY_UISupportedInterfaceOrientations_iPhone = "UIInterfaceOrientationPortrait UIInterfaceOrientationLandscapeLeft UIInterfaceOrientationLandscapeRight";
				LD_RUNPATH_SEARCH_PATHS = (
					"$(inherited)",
					"@executable_path/Frameworks",
				);
				MARKETING_VERSION = 1.0;
				PRODUCT_BUNDLE_IDENTIFIER = "Aarish-Khanna.apiCallerSwiftUi";
				PRODUCT_NAME = "$(TARGET_NAME)";
				SWIFT_EMIT_LOC_STRINGS = YES;
				SWIFT_VERSION = 5.0;
				TARGETED_DEVICE_FAMILY = "1,2";
			};
			name = Release;
		};
/* End XCBuildConfiguration section */

/* Begin XCConfigurationList section */
		4017272A296E909C00FFE98E /* Build configuration list for PBXProject "apiCallerSwiftUi" */ = {
			isa = XCConfigurationList;
			buildConfigurations = (
				4017273B296E90A400FFE98E /* Debug */,
				4017273C296E90A400FFE98E /* Release */,
			);
			defaultConfigurationIsVisible = 0;
			defaultConfigurationName = Release;
		};
		4017273D296E90A400FFE98E /* Build configuration list for PBXNativeTarget "apiCallerSwiftUi" */ = {
			isa = XCConfigurationList;
			buildConfigurations = (
				4017273E296E90A400FFE98E /* Debug */,
				4017273F296E90A400FFE98E /* Release */,
			);
			defaultConfigurationIsVisible = 0;
			defaultConfigurationName = Release;
		};
/* End XCConfigurationList section */
	};
	rootObject = 40172727296E909C00FFE98E /* Project object */;
}
